
Microsoft Visual Studio Solution File, Format Version 12.00
# Visual Studio Version 16
VisualStudioVersion = 16.0.30114.105
MinimumVisualStudioVersion = 10.0.40219.1
Project("{FAE04EC0-301F-11D3-BF4B-00C04F79EFBC}") = "API", "API\API.csproj", "{9EC00E8C-DB36-414B-A7AA-636E97C43042}"
EndProject
Project("{FAE04EC0-301F-11D3-BF4B-00C04F79EFBC}") = "Application", "Application\Application.csproj", "{4AED6159-D628-4CB3-83DF-01BAB85D6C0E}"
EndProject
Project("{FAE04EC0-301F-11D3-BF4B-00C04F79EFBC}") = "Persistence", "Persistence\Persistence.csproj", "{8E171AB6-6DEA-4370-A743-EA41965F1BD9}"
EndProject
Project("{FAE04EC0-301F-11D3-BF4B-00C04F79EFBC}") = "Domain", "Domain\Domain.csproj", "{8BC239B9-2B2C-4890-BAB9-4C7D253F705F}"
EndProject
Project("{FAE04EC0-301F-11D3-BF4B-00C04F79EFBC}") = "Infrastructure", "Infrastructure\Infrastructure.csproj", "{9D2816A3-8F54-4751-8FAA-84E5FF04021B}"
EndProject
Global
	GlobalSection(SolutionConfigurationPlatforms) = preSolution
		Debug|Any CPU = Debug|Any CPU
		Debug|x64 = Debug|x64
		Debug|x86 = Debug|x86
		Release|Any CPU = Release|Any CPU
		Release|x64 = Release|x64
		Release|x86 = Release|x86
	EndGlobalSection
	GlobalSection(SolutionProperties) = preSolution
		HideSolutionNode = FALSE
	EndGlobalSection
	GlobalSection(ProjectConfigurationPlatforms) = postSolution
		{9EC00E8C-DB36-414B-A7AA-636E97C43042}.Debug|Any CPU.ActiveCfg = Debug|Any CPU
		{9EC00E8C-DB36-414B-A7AA-636E97C43042}.Debug|Any CPU.Build.0 = Debug|Any CPU
		{9EC00E8C-DB36-414B-A7AA-636E97C43042}.Debug|x64.ActiveCfg = Debug|Any CPU
		{9EC00E8C-DB36-414B-A7AA-636E97C43042}.Debug|x64.Build.0 = Debug|Any CPU
		{9EC00E8C-DB36-414B-A7AA-636E97C43042}.Debug|x86.ActiveCfg = Debug|Any CPU
		{9EC00E8C-DB36-414B-A7AA-636E97C43042}.Debug|x86.Build.0 = Debug|Any CPU
		{9EC00E8C-DB36-414B-A7AA-636E97C43042}.Release|Any CPU.ActiveCfg = Release|Any CPU
		{9EC00E8C-DB36-414B-A7AA-636E97C43042}.Release|Any CPU.Build.0 = Release|Any CPU
		{9EC00E8C-DB36-414B-A7AA-636E97C43042}.Release|x64.ActiveCfg = Release|Any CPU
		{9EC00E8C-DB36-414B-A7AA-636E97C43042}.Release|x64.Build.0 = Release|Any CPU
		{9EC00E8C-DB36-414B-A7AA-636E97C43042}.Release|x86.ActiveCfg = Release|Any CPU
		{9EC00E8C-DB36-414B-A7AA-636E97C43042}.Release|x86.Build.0 = Release|Any CPU
		{4AED6159-D628-4CB3-83DF-01BAB85D6C0E}.Debug|Any CPU.ActiveCfg = Debug|Any CPU
		{4AED6159-D628-4CB3-83DF-01BAB85D6C0E}.Debug|Any CPU.Build.0 = Debug|Any CPU
		{4AED6159-D628-4CB3-83DF-01BAB85D6C0E}.Debug|x64.ActiveCfg = Debug|Any CPU
		{4AED6159-D628-4CB3-83DF-01BAB85D6C0E}.Debug|x64.Build.0 = Debug|Any CPU
		{4AED6159-D628-4CB3-83DF-01BAB85D6C0E}.Debug|x86.ActiveCfg = Debug|Any CPU
		{4AED6159-D628-4CB3-83DF-01BAB85D6C0E}.Debug|x86.Build.0 = Debug|Any CPU
		{4AED6159-D628-4CB3-83DF-01BAB85D6C0E}.Release|Any CPU.ActiveCfg = Release|Any CPU
		{4AED6159-D628-4CB3-83DF-01BAB85D6C0E}.Release|Any CPU.Build.0 = Release|Any CPU
		{4AED6159-D628-4CB3-83DF-01BAB85D6C0E}.Release|x64.ActiveCfg = Release|Any CPU
		{4AED6159-D628-4CB3-83DF-01BAB85D6C0E}.Release|x64.Build.0 = Release|Any CPU
		{4AED6159-D628-4CB3-83DF-01BAB85D6C0E}.Release|x86.ActiveCfg = Release|Any CPU
		{4AED6159-D628-4CB3-83DF-01BAB85D6C0E}.Release|x86.Build.0 = Release|Any CPU
		{8E171AB6-6DEA-4370-A743-EA41965F1BD9}.Debug|Any CPU.ActiveCfg = Debug|Any CPU
		{8E171AB6-6DEA-4370-A743-EA41965F1BD9}.Debug|Any CPU.Build.0 = Debug|Any CPU
		{8E171AB6-6DEA-4370-A743-EA41965F1BD9}.Debug|x64.ActiveCfg = Debug|Any CPU
		{8E171AB6-6DEA-4370-A743-EA41965F1BD9}.Debug|x64.Build.0 = Debug|Any CPU
		{8E171AB6-6DEA-4370-A743-EA41965F1BD9}.Debug|x86.ActiveCfg = Debug|Any CPU
		{8E171AB6-6DEA-4370-A743-EA41965F1BD9}.Debug|x86.Build.0 = Debug|Any CPU
		{8E171AB6-6DEA-4370-A743-EA41965F1BD9}.Release|Any CPU.ActiveCfg = Release|Any CPU
		{8E171AB6-6DEA-4370-A743-EA41965F1BD9}.Release|Any CPU.Build.0 = Release|Any CPU
		{8E171AB6-6DEA-4370-A743-EA41965F1BD9}.Release|x64.ActiveCfg = Release|Any CPU
		{8E171AB6-6DEA-4370-A743-EA41965F1BD9}.Release|x64.Build.0 = Release|Any CPU
		{8E171AB6-6DEA-4370-A743-EA41965F1BD9}.Release|x86.ActiveCfg = Release|Any CPU
		{8E171AB6-6DEA-4370-A743-EA41965F1BD9}.Release|x86.Build.0 = Release|Any CPU
		{8BC239B9-2B2C-4890-BAB9-4C7D253F705F}.Debug|Any CPU.ActiveCfg = Debug|Any CPU
		{8BC239B9-2B2C-4890-BAB9-4C7D253F705F}.Debug|Any CPU.Build.0 = Debug|Any CPU
		{8BC239B9-2B2C-4890-BAB9-4C7D253F705F}.Debug|x64.ActiveCfg = Debug|Any CPU
		{8BC239B9-2B2C-4890-BAB9-4C7D253F705F}.Debug|x64.Build.0 = Debug|Any CPU
		{8BC239B9-2B2C-4890-BAB9-4C7D253F705F}.Debug|x86.ActiveCfg = Debug|Any CPU
		{8BC239B9-2B2C-4890-BAB9-4C7D253F705F}.Debug|x86.Build.0 = Debug|Any CPU
		{8BC239B9-2B2C-4890-BAB9-4C7D253F705F}.Release|Any CPU.ActiveCfg = Release|Any CPU
		{8BC239B9-2B2C-4890-BAB9-4C7D253F705F}.Release|Any CPU.Build.0 = Release|Any CPU
		{8BC239B9-2B2C-4890-BAB9-4C7D253F705F}.Release|x64.ActiveCfg = Release|Any CPU
		{8BC239B9-2B2C-4890-BAB9-4C7D253F705F}.Release|x64.Build.0 = Release|Any CPU
		{8BC239B9-2B2C-4890-BAB9-4C7D253F705F}.Release|x86.ActiveCfg = Release|Any CPU
		{8BC239B9-2B2C-4890-BAB9-4C7D253F705F}.Release|x86.Build.0 = Release|Any CPU
		{9D2816A3-8F54-4751-8FAA-84E5FF04021B}.Debug|Any CPU.ActiveCfg = Debug|Any CPU
		{9D2816A3-8F54-4751-8FAA-84E5FF04021B}.Debug|Any CPU.Build.0 = Debug|Any CPU
		{9D2816A3-8F54-4751-8FAA-84E5FF04021B}.Debug|x64.ActiveCfg = Debug|Any CPU
		{9D2816A3-8F54-4751-8FAA-84E5FF04021B}.Debug|x64.Build.0 = Debug|Any CPU
		{9D2816A3-8F54-4751-8FAA-84E5FF04021B}.Debug|x86.ActiveCfg = Debug|Any CPU
		{9D2816A3-8F54-4751-8FAA-84E5FF04021B}.Debug|x86.Build.0 = Debug|Any CPU
		{9D2816A3-8F54-4751-8FAA-84E5FF04021B}.Release|Any CPU.ActiveCfg = Release|Any CPU
		{9D2816A3-8F54-4751-8FAA-84E5FF04021B}.Release|Any CPU.Build.0 = Release|Any CPU
		{9D2816A3-8F54-4751-8FAA-84E5FF04021B}.Release|x64.ActiveCfg = Release|Any CPU
		{9D2816A3-8F54-4751-8FAA-84E5FF04021B}.Release|x64.Build.0 = Release|Any CPU
		{9D2816A3-8F54-4751-8FAA-84E5FF04021B}.Release|x86.ActiveCfg = Release|Any CPU
		{9D2816A3-8F54-4751-8FAA-84E5FF04021B}.Release|x86.Build.0 = Release|Any CPU
	EndGlobalSection
EndGlobal
